
Microsoft Visual Studio Solution File, Format Version 12.00
# Visual Studio 2013
VisualStudioVersion = 12.0.21005.1
MinimumVisualStudioVersion = 10.0.40219.1
Project("{FAE04EC0-301F-11D3-BF4B-00C04F79EFBC}") = "GameObjectLib", "GameObjectLib\GameObjectLib.csproj", "{617865A2-DB71-414D-9A07-F15895B51099}"
EndProject
Project("{FAE04EC0-301F-11D3-BF4B-00C04F79EFBC}") = "GameObjectLib_Test", "GameObjectLib_Test\GameObjectLib_Test.csproj", "{76134120-9371-4561-93A0-F2ED3C34D5C2}"
EndProject
Project("{2150E333-8FDC-42A3-9474-1A3956D46DE8}") = ".nuget", ".nuget", "{C1773CC0-CB8F-49B9-B8F2-13000A233D2D}"
	ProjectSection(SolutionItems) = preProject
		.nuget\NuGet.Config = .nuget\NuGet.Config
		.nuget\NuGet.exe = .nuget\NuGet.exe
		.nuget\NuGet.targets = .nuget\NuGet.targets
	EndProjectSection
EndProject
Global
	GlobalSection(SolutionConfigurationPlatforms) = preSolution
		Debug|Any CPU = Debug|Any CPU
		Release|Any CPU = Release|Any CPU
	EndGlobalSection
	GlobalSection(ProjectConfigurationPlatforms) = postSolution
		{617865A2-DB71-414D-9A07-F15895B51099}.Debug|Any CPU.ActiveCfg = Debug|Any CPU
		{617865A2-DB71-414D-9A07-F15895B51099}.Debug|Any CPU.Build.0 = Debug|Any CPU
		{617865A2-DB71-414D-9A07-F15895B51099}.Release|Any CPU.ActiveCfg = Release|Any CPU
		{617865A2-DB71-414D-9A07-F15895B51099}.Release|Any CPU.Build.0 = Release|Any CPU
		{76134120-9371-4561-93A0-F2ED3C34D5C2}.Debug|Any CPU.ActiveCfg = Debug|Any CPU
		{76134120-9371-4561-93A0-F2ED3C34D5C2}.Debug|Any CPU.Build.0 = Debug|Any CPU
		{76134120-9371-4561-93A0-F2ED3C34D5C2}.Release|Any CPU.ActiveCfg = Release|Any CPU
		{76134120-9371-4561-93A0-F2ED3C34D5C2}.Release|Any CPU.Build.0 = Release|Any CPU
	EndGlobalSection
	GlobalSection(SolutionProperties) = preSolution
		HideSolutionNode = FALSE
	EndGlobalSection
EndGlobal
